// !$*UTF8*$!
{
	archiveVersion = 1;
	classes = {
	};
	objectVersion = 46;
	objects = {

/* Begin PBXBuildFile section */
		0D2A05681DF3A0F1001056EF /* main.m in Sources */ = {isa = PBXBuildFile; fileRef = 0D2A05671DF3A0F1001056EF /* main.m */; };
		0D2A056B1DF3A0F1001056EF /* AppDelegate.m in Sources */ = {isa = PBXBuildFile; fileRef = 0D2A056A1DF3A0F1001056EF /* AppDelegate.m */; };
		0D2A056E1DF3A0F1001056EF /* ViewController.m in Sources */ = {isa = PBXBuildFile; fileRef = 0D2A056D1DF3A0F1001056EF /* ViewController.m */; };
		0D2A05731DF3A0F1001056EF /* Assets.xcassets in Resources */ = {isa = PBXBuildFile; fileRef = 0D2A05721DF3A0F1001056EF /* Assets.xcassets */; };
		0D2A05761DF3A0F1001056EF /* LaunchScreen.storyboard in Resources */ = {isa = PBXBuildFile; fileRef = 0D2A05741DF3A0F1001056EF /* LaunchScreen.storyboard */; };
		0D9E5A821E17461600A4CC95 /* HomeFeedSectionController.m in Sources */ = {isa = PBXBuildFile; fileRef = 0D9E5A811E17461600A4CC95 /* HomeFeedSectionController.m */; };
		0D9E5A851E1747EB00A4CC95 /* SenatorFeedCellCollectionViewCell.m in Sources */ = {isa = PBXBuildFile; fileRef = 0D9E5A841E1747EB00A4CC95 /* SenatorFeedCellCollectionViewCell.m */; };
		0D9E5A8C1E1B53F500A4CC95 /* ReprHeaderSectionController.m in Sources */ = {isa = PBXBuildFile; fileRef = 0D9E5A8B1E1B53F500A4CC95 /* ReprHeaderSectionController.m */; };
		0D9E5A8F1E1B584700A4CC95 /* ReprDataModel.m in Sources */ = {isa = PBXBuildFile; fileRef = 0D9E5A8E1E1B584700A4CC95 /* ReprDataModel.m */; };
		0D9E5A931E1DE76900A4CC95 /* ReprFeedViewCell.m in Sources */ = {isa = PBXBuildFile; fileRef = 0D9E5A921E1DE76900A4CC95 /* ReprFeedViewCell.m */; };
		86381F523BBF1A6EEB1C6350 /* Pods_republic.framework in Frameworks */ = {isa = PBXBuildFile; fileRef = ECE020CD7ED51C50B82CC9FE /* Pods_republic.framework */; };
/* End PBXBuildFile section */

/* Begin PBXFileReference section */
		0D2A05631DF3A0F1001056EF /* republic.app */ = {isa = PBXFileReference; explicitFileType = wrapper.application; includeInIndex = 0; path = republic.app; sourceTree = BUILT_PRODUCTS_DIR; };
		0D2A05671DF3A0F1001056EF /* main.m */ = {isa = PBXFileReference; lastKnownFileType = sourcecode.c.objc; path = main.m; sourceTree = "<group>"; };
		0D2A05691DF3A0F1001056EF /* AppDelegate.h */ = {isa = PBXFileReference; lastKnownFileType = sourcecode.c.h; path = AppDelegate.h; sourceTree = "<group>"; };
		0D2A056A1DF3A0F1001056EF /* AppDelegate.m */ = {isa = PBXFileReference; lastKnownFileType = sourcecode.c.objc; path = AppDelegate.m; sourceTree = "<group>"; };
		0D2A056C1DF3A0F1001056EF /* ViewController.h */ = {isa = PBXFileReference; lastKnownFileType = sourcecode.c.h; path = ViewController.h; sourceTree = "<group>"; };
		0D2A056D1DF3A0F1001056EF /* ViewController.m */ = {isa = PBXFileReference; lastKnownFileType = sourcecode.c.objc; path = ViewController.m; sourceTree = "<group>"; };
		0D2A05721DF3A0F1001056EF /* Assets.xcassets */ = {isa = PBXFileReference; lastKnownFileType = folder.assetcatalog; path = Assets.xcassets; sourceTree = "<group>"; };
		0D2A05751DF3A0F1001056EF /* Base */ = {isa = PBXFileReference; lastKnownFileType = file.storyboard; name = Base; path = Base.lproj/LaunchScreen.storyboard; sourceTree = "<group>"; };
		0D2A05771DF3A0F1001056EF /* Info.plist */ = {isa = PBXFileReference; lastKnownFileType = text.plist.xml; path = Info.plist; sourceTree = "<group>"; };
		0D9E5A801E17461600A4CC95 /* HomeFeedSectionController.h */ = {isa = PBXFileReference; fileEncoding = 4; lastKnownFileType = sourcecode.c.h; path = HomeFeedSectionController.h; sourceTree = "<group>"; };
		0D9E5A811E17461600A4CC95 /* HomeFeedSectionController.m */ = {isa = PBXFileReference; fileEncoding = 4; lastKnownFileType = sourcecode.c.objc; path = HomeFeedSectionController.m; sourceTree = "<group>"; };
		0D9E5A831E1747EB00A4CC95 /* SenatorFeedCellCollectionViewCell.h */ = {isa = PBXFileReference; fileEncoding = 4; lastKnownFileType = sourcecode.c.h; path = SenatorFeedCellCollectionViewCell.h; sourceTree = "<group>"; };
		0D9E5A841E1747EB00A4CC95 /* SenatorFeedCellCollectionViewCell.m */ = {isa = PBXFileReference; fileEncoding = 4; lastKnownFileType = sourcecode.c.objc; path = SenatorFeedCellCollectionViewCell.m; sourceTree = "<group>"; };
		0D9E5A8A1E1B53F500A4CC95 /* ReprHeaderSectionController.h */ = {isa = PBXFileReference; fileEncoding = 4; lastKnownFileType = sourcecode.c.h; path = ReprHeaderSectionController.h; sourceTree = "<group>"; };
		0D9E5A8B1E1B53F500A4CC95 /* ReprHeaderSectionController.m */ = {isa = PBXFileReference; fileEncoding = 4; lastKnownFileType = sourcecode.c.objc; path = ReprHeaderSectionController.m; sourceTree = "<group>"; };
		0D9E5A8D1E1B584600A4CC95 /* ReprDataModel.h */ = {isa = PBXFileReference; fileEncoding = 4; lastKnownFileType = sourcecode.c.h; path = ReprDataModel.h; sourceTree = "<group>"; };
		0D9E5A8E1E1B584700A4CC95 /* ReprDataModel.m */ = {isa = PBXFileReference; fileEncoding = 4; lastKnownFileType = sourcecode.c.objc; path = ReprDataModel.m; sourceTree = "<group>"; };
		0D9E5A911E1DE76900A4CC95 /* ReprFeedViewCell.h */ = {isa = PBXFileReference; fileEncoding = 4; lastKnownFileType = sourcecode.c.h; path = ReprFeedViewCell.h; sourceTree = "<group>"; };
		0D9E5A921E1DE76900A4CC95 /* ReprFeedViewCell.m */ = {isa = PBXFileReference; fileEncoding = 4; lastKnownFileType = sourcecode.c.objc; path = ReprFeedViewCell.m; sourceTree = "<group>"; };
		466347595E95B5B6FFCF1074 /* Pods-republic.debug.xcconfig */ = {isa = PBXFileReference; includeInIndex = 1; lastKnownFileType = text.xcconfig; name = "Pods-republic.debug.xcconfig"; path = "Pods/Target Support Files/Pods-republic/Pods-republic.debug.xcconfig"; sourceTree = "<group>"; };
		D566E2215CBFC6F416665AE6 /* Pods-republic.release.xcconfig */ = {isa = PBXFileReference; includeInIndex = 1; lastKnownFileType = text.xcconfig; name = "Pods-republic.release.xcconfig"; path = "Pods/Target Support Files/Pods-republic/Pods-republic.release.xcconfig"; sourceTree = "<group>"; };
		ECE020CD7ED51C50B82CC9FE /* Pods_republic.framework */ = {isa = PBXFileReference; explicitFileType = wrapper.framework; includeInIndex = 0; path = Pods_republic.framework; sourceTree = BUILT_PRODUCTS_DIR; };
/* End PBXFileReference section */

/* Begin PBXFrameworksBuildPhase section */
		0D2A05601DF3A0F1001056EF /* Frameworks */ = {
			isa = PBXFrameworksBuildPhase;
			buildActionMask = 2147483647;
			files = (
				86381F523BBF1A6EEB1C6350 /* Pods_republic.framework in Frameworks */,
			);
			runOnlyForDeploymentPostprocessing = 0;
		};
/* End PBXFrameworksBuildPhase section */

/* Begin PBXGroup section */
		0D2A055A1DF3A0F1001056EF = {
			isa = PBXGroup;
			children = (
				0D2A05651DF3A0F1001056EF /* republic */,
				0D2A05641DF3A0F1001056EF /* Products */,
				BD64AE791F912BCBB02D0AEC /* Pods */,
				2DC42F1252CED060F2F9B3F5 /* Frameworks */,
			);
			sourceTree = "<group>";
		};
		0D2A05641DF3A0F1001056EF /* Products */ = {
			isa = PBXGroup;
			children = (
				0D2A05631DF3A0F1001056EF /* republic.app */,
			);
			name = Products;
			sourceTree = "<group>";
		};
		0D2A05651DF3A0F1001056EF /* republic */ = {
			isa = PBXGroup;
			children = (
				0D9E5A901E1DE72200A4CC95 /* Representative */,
				0D9E5A8D1E1B584600A4CC95 /* ReprDataModel.h */,
				0D9E5A8E1E1B584700A4CC95 /* ReprDataModel.m */,
				0D9E5A8A1E1B53F500A4CC95 /* ReprHeaderSectionController.h */,
				0D9E5A8B1E1B53F500A4CC95 /* ReprHeaderSectionController.m */,
				0D9E5A831E1747EB00A4CC95 /* SenatorFeedCellCollectionViewCell.h */,
				0D9E5A841E1747EB00A4CC95 /* SenatorFeedCellCollectionViewCell.m */,
				0D9E5A801E17461600A4CC95 /* HomeFeedSectionController.h */,
				0D9E5A811E17461600A4CC95 /* HomeFeedSectionController.m */,
				0D2A056C1DF3A0F1001056EF /* ViewController.h */,
				0D2A056D1DF3A0F1001056EF /* ViewController.m */,
				0D2A05691DF3A0F1001056EF /* AppDelegate.h */,
				0D2A056A1DF3A0F1001056EF /* AppDelegate.m */,
				0D2A05721DF3A0F1001056EF /* Assets.xcassets */,
				0D2A05741DF3A0F1001056EF /* LaunchScreen.storyboard */,
				0D2A05771DF3A0F1001056EF /* Info.plist */,
				0D2A05661DF3A0F1001056EF /* Supporting Files */,
			);
			path = republic;
			sourceTree = "<group>";
		};
		0D2A05661DF3A0F1001056EF /* Supporting Files */ = {
			isa = PBXGroup;
			children = (
				0D2A05671DF3A0F1001056EF /* main.m */,
			);
			name = "Supporting Files";
			sourceTree = "<group>";
		};
		0D9E5A901E1DE72200A4CC95 /* Representative */ = {
			isa = PBXGroup;
			children = (
				0D9E5A911E1DE76900A4CC95 /* ReprFeedViewCell.h */,
				0D9E5A921E1DE76900A4CC95 /* ReprFeedViewCell.m */,
			);
			name = Representative;
			sourceTree = "<group>";
		};
		2DC42F1252CED060F2F9B3F5 /* Frameworks */ = {
			isa = PBXGroup;
			children = (
				ECE020CD7ED51C50B82CC9FE /* Pods_republic.framework */,
			);
			name = Frameworks;
			sourceTree = "<group>";
		};
		BD64AE791F912BCBB02D0AEC /* Pods */ = {
			isa = PBXGroup;
			children = (
				466347595E95B5B6FFCF1074 /* Pods-republic.debug.xcconfig */,
				D566E2215CBFC6F416665AE6 /* Pods-republic.release.xcconfig */,
			);
			name = Pods;
			sourceTree = "<group>";
		};
/* End PBXGroup section */

/* Begin PBXNativeTarget section */
		0D2A05621DF3A0F1001056EF /* republic */ = {
			isa = PBXNativeTarget;
			buildConfigurationList = 0D2A057A1DF3A0F1001056EF /* Build configuration list for PBXNativeTarget "republic" */;
			buildPhases = (
				10340F774EF0DE08846CD39E /* [CP] Check Pods Manifest.lock */,
				0D2A055F1DF3A0F1001056EF /* Sources */,
				0D2A05601DF3A0F1001056EF /* Frameworks */,
				0D2A05611DF3A0F1001056EF /* Resources */,
				F5AEEEBD056AEBE5E73D213A /* [CP] Embed Pods Frameworks */,
				CCB632A1BAC1A5DECF91AC25 /* [CP] Copy Pods Resources */,
			);
			buildRules = (
			);
			dependencies = (
			);
			name = republic;
			productName = republic;
			productReference = 0D2A05631DF3A0F1001056EF /* republic.app */;
			productType = "com.apple.product-type.application";
		};
/* End PBXNativeTarget section */

/* Begin PBXProject section */
		0D2A055B1DF3A0F1001056EF /* Project object */ = {
			isa = PBXProject;
			attributes = {
				LastUpgradeCheck = 0800;
				ORGANIZATIONNAME = "Prabhat Godse";
				TargetAttributes = {
					0D2A05621DF3A0F1001056EF = {
						CreatedOnToolsVersion = 8.0;
						ProvisioningStyle = Automatic;
					};
				};
			};
			buildConfigurationList = 0D2A055E1DF3A0F1001056EF /* Build configuration list for PBXProject "republic" */;
			compatibilityVersion = "Xcode 3.2";
			developmentRegion = English;
			hasScannedForEncodings = 0;
			knownRegions = (
				en,
				Base,
			);
			mainGroup = 0D2A055A1DF3A0F1001056EF;
			productRefGroup = 0D2A05641DF3A0F1001056EF /* Products */;
			projectDirPath = "";
			projectRoot = "";
			targets = (
				0D2A05621DF3A0F1001056EF /* republic */,
			);
		};
/* End PBXProject section */

/* Begin PBXResourcesBuildPhase section */
		0D2A05611DF3A0F1001056EF /* Resources */ = {
			isa = PBXResourcesBuildPhase;
			buildActionMask = 2147483647;
			files = (
				0D2A05761DF3A0F1001056EF /* LaunchScreen.storyboard in Resources */,
				0D2A05731DF3A0F1001056EF /* Assets.xcassets in Resources */,
			);
			runOnlyForDeploymentPostprocessing = 0;
		};
/* End PBXResourcesBuildPhase section */

/* Begin PBXShellScriptBuildPhase section */
		10340F774EF0DE08846CD39E /* [CP] Check Pods Manifest.lock */ = {
			isa = PBXShellScriptBuildPhase;
			buildActionMask = 2147483647;
			files = (
			);
			inputPaths = (
			);
			name = "[CP] Check Pods Manifest.lock";
			outputPaths = (
			);
			runOnlyForDeploymentPostprocessing = 0;
			shellPath = /bin/sh;
			shellScript = "diff \"${PODS_ROOT}/../Podfile.lock\" \"${PODS_ROOT}/Manifest.lock\" > /dev/null\nif [ $? != 0 ] ; then\n    # print error to STDERR\n    echo \"error: The sandbox is not in sync with the Podfile.lock. Run 'pod install' or update your CocoaPods installation.\" >&2\n    exit 1\nfi\n";
			showEnvVarsInLog = 0;
		};
		CCB632A1BAC1A5DECF91AC25 /* [CP] Copy Pods Resources */ = {
			isa = PBXShellScriptBuildPhase;
			buildActionMask = 2147483647;
			files = (
			);
			inputPaths = (
			);
			name = "[CP] Copy Pods Resources";
			outputPaths = (
			);
			runOnlyForDeploymentPostprocessing = 0;
			shellPath = /bin/sh;
			shellScript = "\"${SRCROOT}/Pods/Target Support Files/Pods-republic/Pods-republic-resources.sh\"\n";
			showEnvVarsInLog = 0;
		};
		F5AEEEBD056AEBE5E73D213A /* [CP] Embed Pods Frameworks */ = {
			isa = PBXShellScriptBuildPhase;
			buildActionMask = 2147483647;
			files = (
			);
			inputPaths = (
			);
			name = "[CP] Embed Pods Frameworks";
			outputPaths = (
			);
			runOnlyForDeploymentPostprocessing = 0;
			shellPath = /bin/sh;
			shellScript = "\"${SRCROOT}/Pods/Target Support Files/Pods-republic/Pods-republic-frameworks.sh\"\n";
			showEnvVarsInLog = 0;
		};
/* End PBXShellScriptBuildPhase section */

/* Begin PBXSourcesBuildPhase section */
		0D2A055F1DF3A0F1001056EF /* Sources */ = {
			isa = PBXSourcesBuildPhase;
			buildActionMask = 2147483647;
			files = (
				0D9E5A851E1747EB00A4CC95 /* SenatorFeedCellCollectionViewCell.m in Sources */,
				0D9E5A8C1E1B53F500A4CC95 /* ReprHeaderSectionController.m in Sources */,
				0D9E5A8F1E1B584700A4CC95 /* ReprDataModel.m in Sources */,
				0D2A056E1DF3A0F1001056EF /* ViewController.m in Sources */,
				0D9E5A821E17461600A4CC95 /* HomeFeedSectionController.m in Sources */,
				0D9E5A931E1DE76900A4CC95 /* ReprFeedViewCell.m in Sources */,
				0D2A056B1DF3A0F1001056EF /* AppDelegate.m in Sources */,
				0D2A05681DF3A0F1001056EF /* main.m in Sources */,
			);
			runOnlyForDeploymentPostprocessing = 0;
		};
/* End PBXSourcesBuildPhase section */

/* Begin PBXVariantGroup section */
		0D2A05741DF3A0F1001056EF /* LaunchScreen.storyboard */ = {
			isa = PBXVariantGroup;
			children = (
				0D2A05751DF3A0F1001056EF /* Base */,
			);
			name = LaunchScreen.storyboard;
			sourceTree = "<group>";
		};
/* End PBXVariantGroup section */

/* Begin XCBuildConfiguration section */
		0D2A05781DF3A0F1001056EF /* Debug */ = {
			isa = XCBuildConfiguration;
			buildSettings = {
				ALWAYS_SEARCH_USER_PATHS = NO;
				CLANG_ANALYZER_NONNULL = YES;
				CLANG_CXX_LANGUAGE_STANDARD = "gnu++0x";
				CLANG_CXX_LIBRARY = "libc++";
				CLANG_ENABLE_MODULES = YES;
				CLANG_ENABLE_OBJC_ARC = YES;
				CLANG_WARN_BOOL_CONVERSION = YES;
				CLANG_WARN_CONSTANT_CONVERSION = YES;
				CLANG_WARN_DIRECT_OBJC_ISA_USAGE = YES_ERROR;
				CLANG_WARN_DOCUMENTATION_COMMENTS = YES;
				CLANG_WARN_EMPTY_BODY = YES;
				CLANG_WARN_ENUM_CONVERSION = YES;
				CLANG_WARN_INFINITE_RECURSION = YES;
				CLANG_WARN_INT_CONVERSION = YES;
				CLANG_WARN_OBJC_ROOT_CLASS = YES_ERROR;
				CLANG_WARN_SUSPICIOUS_MOVES = YES;
				CLANG_WARN_UNREACHABLE_CODE = YES;
				CLANG_WARN__DUPLICATE_METHOD_MATCH = YES;
				"CODE_SIGN_IDENTITY[sdk=iphoneos*]" = "iPhone Developer";
				COPY_PHASE_STRIP = NO;
				DEBUG_INFORMATION_FORMAT = dwarf;
				ENABLE_STRICT_OBJC_MSGSEND = YES;
				ENABLE_TESTABILITY = YES;
				GCC_C_LANGUAGE_STANDARD = gnu99;
				GCC_DYNAMIC_NO_PIC = NO;
				GCC_NO_COMMON_BLOCKS = YES;
				GCC_OPTIMIZATION_LEVEL = 0;
				GCC_PREPROCESSOR_DEFINITIONS = (
					"DEBUG=1",
					"$(inherited)",
				);
				GCC_WARN_64_TO_32_BIT_CONVERSION = YES;
				GCC_WARN_ABOUT_RETURN_TYPE = YES_ERROR;
				GCC_WARN_UNDECLARED_SELECTOR = YES;
				GCC_WARN_UNINITIALIZED_AUTOS = YES_AGGRESSIVE;
				GCC_WARN_UNUSED_FUNCTION = YES;
				GCC_WARN_UNUSED_VARIABLE = YES;
				IPHONEOS_DEPLOYMENT_TARGET = 10.0;
				MTL_ENABLE_DEBUG_INFO = YES;
				ONLY_ACTIVE_ARCH = YES;
				SDKROOT = iphoneos;
				TARGETED_DEVICE_FAMILY = "1,2";
			};
			name = Debug;
		};
		0D2A05791DF3A0F1001056EF /* Release */ = {
			isa = XCBuildConfiguration;
			buildSettings = {
				ALWAYS_SEARCH_USER_PATHS = NO;
				CLANG_ANALYZER_NONNULL = YES;
				CLANG_CXX_LANGUAGE_STANDARD = "gnu++0x";
				CLANG_CXX_LIBRARY = "libc++";
				CLANG_ENABLE_MODULES = YES;
				CLANG_ENABLE_OBJC_ARC = YES;
				CLANG_WARN_BOOL_CONVERSION = YES;
				CLANG_WARN_CONSTANT_CONVERSION = YES;
				CLANG_WARN_DIRECT_OBJC_ISA_USAGE = YES_ERROR;
				CLANG_WARN_DOCUMENTATION_COMMENTS = YES;
				CLANG_WARN_EMPTY_BODY = YES;
				CLANG_WARN_ENUM_CONVERSION = YES;
				CLANG_WARN_INFINITE_RECURSION = YES;
				CLANG_WARN_INT_CONVERSION = YES;
				CLANG_WARN_OBJC_ROOT_CLASS = YES_ERROR;
				CLANG_WARN_SUSPICIOUS_MOVES = YES;
				CLANG_WARN_UNREACHABLE_CODE = YES;
				CLANG_WARN__DUPLICATE_METHOD_MATCH = YES;
				"CODE_SIGN_IDENTITY[sdk=iphoneos*]" = "iPhone Developer";
				COPY_PHASE_STRIP = NO;
				DEBUG_INFORMATION_FORMAT = "dwarf-with-dsym";
				ENABLE_NS_ASSERTIONS = NO;
				ENABLE_STRICT_OBJC_MSGSEND = YES;
				GCC_C_LANGUAGE_STANDARD = gnu99;
				GCC_NO_COMMON_BLOCKS = YES;
				GCC_WARN_64_TO_32_BIT_CONVERSION = YES;
				GCC_WARN_ABOUT_RETURN_TYPE = YES_ERROR;
				GCC_WARN_UNDECLARED_SELECTOR = YES;
				GCC_WARN_UNINITIALIZED_AUTOS = YES_AGGRESSIVE;
				GCC_WARN_UNUSED_FUNCTION = YES;
				GCC_WARN_UNUSED_VARIABLE = YES;
				IPHONEOS_DEPLOYMENT_TARGET = 10.0;
				MTL_ENABLE_DEBUG_INFO = NO;
				SDKROOT = iphoneos;
				TARGETED_DEVICE_FAMILY = "1,2";
				VALIDATE_PRODUCT = YES;
			};
			name = Release;
		};
		0D2A057B1DF3A0F1001056EF /* Debug */ = {
			isa = XCBuildConfiguration;
			baseConfigurationReference = 466347595E95B5B6FFCF1074 /* Pods-republic.debug.xcconfig */;
			buildSettings = {
				ASSETCATALOG_COMPILER_APPICON_NAME = AppIcon;
				INFOPLIST_FILE = republic/Info.plist;
				LD_RUNPATH_SEARCH_PATHS = "$(inherited) @executable_path/Frameworks";
				PRODUCT_BUNDLE_IDENTIFIER = com.prabhat.republic;
				PRODUCT_NAME = "$(TARGET_NAME)";
			};
			name = Debug;
		};
		0D2A057C1DF3A0F1001056EF /* Release */ = {
			isa = XCBuildConfiguration;
			baseConfigurationReference = D566E2215CBFC6F416665AE6 /* Pods-republic.release.xcconfig */;
			buildSettings = {
				ASSETCATALOG_COMPILER_APPICON_NAME = AppIcon;
				INFOPLIST_FILE = republic/Info.plist;
				LD_RUNPATH_SEARCH_PATHS = "$(inherited) @executable_path/Frameworks";
				PRODUCT_BUNDLE_IDENTIFIER = com.prabhat.republic;
				PRODUCT_NAME = "$(TARGET_NAME)";
			};
			name = Release;
		};
/* End XCBuildConfiguration section */

/* Begin XCConfigurationList section */
		0D2A055E1DF3A0F1001056EF /* Build configuration list for PBXProject "republic" */ = {
			isa = XCConfigurationList;
			buildConfigurations = (
				0D2A05781DF3A0F1001056EF /* Debug */,
				0D2A05791DF3A0F1001056EF /* Release */,
			);
			defaultConfigurationIsVisible = 0;
			defaultConfigurationName = Release;
		};
		0D2A057A1DF3A0F1001056EF /* Build configuration list for PBXNativeTarget "republic" */ = {
			isa = XCConfigurationList;
			buildConfigurations = (
				0D2A057B1DF3A0F1001056EF /* Debug */,
				0D2A057C1DF3A0F1001056EF /* Release */,
			);
			defaultConfigurationIsVisible = 0;
			defaultConfigurationName = Release;
		};
/* End XCConfigurationList section */
	};
	rootObject = 0D2A055B1DF3A0F1001056EF /* Project object */;
}
